// !$*UTF8*$!
{
	archiveVersion = 1;
	classes = {
	};
	objectVersion = 46;
	objects = {

/* Begin PBXBuildFile section */
		8DC2EF530486A6940098B216 /* InfoPlist.strings in Resources */ = {isa = PBXBuildFile; fileRef = 089C1666FE841158C02AAC07 /* InfoPlist.strings */; };
		8DC2EF570486A6940098B216 /* Cocoa.framework in Frameworks */ = {isa = PBXBuildFile; fileRef = 1058C7B1FEA5585E11CA2CBB /* Cocoa.framework */; };
		B804019B12F08E9200E1297F /* CWCoreDataCenter.h in Headers */ = {isa = PBXBuildFile; fileRef = B804019712F08E9200E1297F /* CWCoreDataCenter.h */; settings = {ATTRIBUTES = (Public, ); }; };
		B804019C12F08E9200E1297F /* CWCoreDataCenter.m in Sources */ = {isa = PBXBuildFile; fileRef = B804019812F08E9200E1297F /* CWCoreDataCenter.m */; };
		B804019D12F08E9200E1297F /* CWSimpleCoreData.h in Headers */ = {isa = PBXBuildFile; fileRef = B804019912F08E9200E1297F /* CWSimpleCoreData.h */; settings = {ATTRIBUTES = (Public, ); }; };
		B804019E12F08E9200E1297F /* CWSimpleCoreData.m in Sources */ = {isa = PBXBuildFile; fileRef = B804019A12F08E9200E1297F /* CWSimpleCoreData.m */; };
		B8072B3413894F81008F7B63 /* CWURLTests.m in Sources */ = {isa = PBXBuildFile; fileRef = B8072B3313894F81008F7B63 /* CWURLTests.m */; };
		B81BFF8C1305A7F3001A4BCF /* CWURLUtilities.h in Headers */ = {isa = PBXBuildFile; fileRef = B81BFF8A1305A7F1001A4BCF /* CWURLUtilities.h */; settings = {ATTRIBUTES = (Public, ); }; };
		B81BFF8D1305A7F3001A4BCF /* CWURLUtilities.m in Sources */ = {isa = PBXBuildFile; fileRef = B81BFF8B1305A7F2001A4BCF /* CWURLUtilities.m */; };
		B81C9F6A1387028A0057978C /* CWFileUtilities.h in Headers */ = {isa = PBXBuildFile; fileRef = B81C9F681387028A0057978C /* CWFileUtilities.h */; settings = {ATTRIBUTES = (Public, ); }; };
		B81C9F6B1387028A0057978C /* CWFileUtilities.m in Sources */ = {isa = PBXBuildFile; fileRef = B81C9F691387028A0057978C /* CWFileUtilities.m */; };
		B82B955612E24F8E00CABF26 /* NSDataAdditions.h in Headers */ = {isa = PBXBuildFile; fileRef = B82B955412E24F8E00CABF26 /* NSDataAdditions.h */; settings = {ATTRIBUTES = (Public, ); }; };
		B82B955712E24F8E00CABF26 /* NSDataAdditions.m in Sources */ = {isa = PBXBuildFile; fileRef = B82B955512E24F8E00CABF26 /* NSDataAdditions.m */; };
		B82D252E12AB6962006650B8 /* CWNSStringTests.m in Sources */ = {isa = PBXBuildFile; fileRef = B82D252D12AB6962006650B8 /* CWNSStringTests.m */; };
		B82D263212ADD557006650B8 /* NSURLConnectionAdditions.h in Headers */ = {isa = PBXBuildFile; fileRef = B82D263012ADD557006650B8 /* NSURLConnectionAdditions.h */; settings = {ATTRIBUTES = (Public, ); }; };
		B82D263312ADD557006650B8 /* NSURLConnectionAdditions.m in Sources */ = {isa = PBXBuildFile; fileRef = B82D263112ADD557006650B8 /* NSURLConnectionAdditions.m */; };
		B82D73E811DA850A00863F3B /* Zangetsu.h in Headers */ = {isa = PBXBuildFile; fileRef = B82D73E711DA850A00863F3B /* Zangetsu.h */; settings = {ATTRIBUTES = (Public, ); }; };
		B837BC191284FDC0009215D7 /* NSStringAdditions.h in Headers */ = {isa = PBXBuildFile; fileRef = B837BC171284FDC0009215D7 /* NSStringAdditions.h */; settings = {ATTRIBUTES = (Public, ); }; };
		B837BC1A1284FDC0009215D7 /* NSStringAdditions.m in Sources */ = {isa = PBXBuildFile; fileRef = B837BC181284FDC0009215D7 /* NSStringAdditions.m */; };
		B8380E4213452C18009988F5 /* NSDateAddtions.h in Headers */ = {isa = PBXBuildFile; fileRef = B8380E4013452C18009988F5 /* NSDateAddtions.h */; settings = {ATTRIBUTES = (Public, ); }; };
		B8380E4313452C18009988F5 /* NSDateAddtions.m in Sources */ = {isa = PBXBuildFile; fileRef = B8380E4113452C18009988F5 /* NSDateAddtions.m */; };
		B849506E12C52F6E00098684 /* CWGraphicsFoundation.h in Headers */ = {isa = PBXBuildFile; fileRef = B849506C12C52F6E00098684 /* CWGraphicsFoundation.h */; settings = {ATTRIBUTES = (Public, ); }; };
		B849506F12C52F6E00098684 /* CWGraphicsFoundation.m in Sources */ = {isa = PBXBuildFile; fileRef = B849506D12C52F6E00098684 /* CWGraphicsFoundation.m */; };
		B849523112CBE1CF00098684 /* CWMD5Utilities.h in Headers */ = {isa = PBXBuildFile; fileRef = B849522F12CBE1CF00098684 /* CWMD5Utilities.h */; settings = {ATTRIBUTES = (Public, ); }; };
		B849523212CBE1CF00098684 /* CWMD5Utilities.m in Sources */ = {isa = PBXBuildFile; fileRef = B849523012CBE1CF00098684 /* CWMD5Utilities.m */; };
		B84994AA128210D6001206E1 /* CWTask.h in Headers */ = {isa = PBXBuildFile; fileRef = B84994A7128210D6001206E1 /* CWTask.h */; settings = {ATTRIBUTES = (Public, ); }; };
		B84994AB128210D6001206E1 /* CWTask.m in Sources */ = {isa = PBXBuildFile; fileRef = B84994A8128210D6001206E1 /* CWTask.m */; };
		B84995C6128396E1001206E1 /* CWDateUtilities.h in Headers */ = {isa = PBXBuildFile; fileRef = B84995C4128396E1001206E1 /* CWDateUtilities.h */; settings = {ATTRIBUTES = (Public, ); }; };
		B84995C7128396E1001206E1 /* CWDateUtilities.m in Sources */ = {isa = PBXBuildFile; fileRef = B84995C5128396E1001206E1 /* CWDateUtilities.m */; };
		B857FC7012B96275001AA9A9 /* NSObjectAdditions.h in Headers */ = {isa = PBXBuildFile; fileRef = B857FC6E12B96275001AA9A9 /* NSObjectAdditions.h */; settings = {ATTRIBUTES = (Public, ); }; };
		B857FC7112B96275001AA9A9 /* NSObjectAdditions.m in Sources */ = {isa = PBXBuildFile; fileRef = B857FC6F12B96275001AA9A9 /* NSObjectAdditions.m */; };
		B857FD0F12BA8E46001AA9A9 /* CWFoundation.h in Headers */ = {isa = PBXBuildFile; fileRef = B857FD0D12BA8E46001AA9A9 /* CWFoundation.h */; settings = {ATTRIBUTES = (Public, ); }; };
		B857FD1012BA8E46001AA9A9 /* CWFoundation.m in Sources */ = {isa = PBXBuildFile; fileRef = B857FD0E12BA8E46001AA9A9 /* CWFoundation.m */; };
		B8588977128DF314002AC417 /* NSArrayAdditions.h in Headers */ = {isa = PBXBuildFile; fileRef = B8588975128DF314002AC417 /* NSArrayAdditions.h */; settings = {ATTRIBUTES = (Public, ); }; };
		B8588978128DF314002AC417 /* NSArrayAdditions.m in Sources */ = {isa = PBXBuildFile; fileRef = B8588976128DF314002AC417 /* NSArrayAdditions.m */; };
		B85889A2128E04E9002AC417 /* NSDictionaryAdditions.h in Headers */ = {isa = PBXBuildFile; fileRef = B85889A0128E04E9002AC417 /* NSDictionaryAdditions.h */; settings = {ATTRIBUTES = (Public, ); }; };
		B85889A3128E04E9002AC417 /* NSDictionaryAdditions.m in Sources */ = {isa = PBXBuildFile; fileRef = B85889A1128E04E9002AC417 /* NSDictionaryAdditions.m */; };
		B8617C0E132E6E1700AD0F78 /* CWNSErrorTests.m in Sources */ = {isa = PBXBuildFile; fileRef = B8617C0D132E6E1700AD0F78 /* CWNSErrorTests.m */; };
		B87AB1A11314182700CB2793 /* CWAppImageCache.h in Headers */ = {isa = PBXBuildFile; fileRef = B87AB19F1314182600CB2793 /* CWAppImageCache.h */; settings = {ATTRIBUTES = (Public, ); }; };
		B87AB1A21314182700CB2793 /* CWAppImageCache.m in Sources */ = {isa = PBXBuildFile; fileRef = B87AB1A01314182700CB2793 /* CWAppImageCache.m */; };
		B8806A2D12B3D44D00F85BCE /* CWBlockFoundation.h in Headers */ = {isa = PBXBuildFile; fileRef = B8806A2B12B3D44D00F85BCE /* CWBlockFoundation.h */; settings = {ATTRIBUTES = (Public, ); }; };
		B8806A2E12B3D44D00F85BCE /* CWBlockFoundation.m in Sources */ = {isa = PBXBuildFile; fileRef = B8806A2C12B3D44D00F85BCE /* CWBlockFoundation.m */; };
		B8806A6912B3E88500F85BCE /* CWDebugUtilities.h in Headers */ = {isa = PBXBuildFile; fileRef = B8806A6712B3E88500F85BCE /* CWDebugUtilities.h */; settings = {ATTRIBUTES = (Public, ); }; };
		B8806A6A12B3E88500F85BCE /* CWDebugUtilities.m in Sources */ = {isa = PBXBuildFile; fileRef = B8806A6812B3E88500F85BCE /* CWDebugUtilities.m */; };
		B88C112D1290D2BA00B49835 /* CWSystemInfo.h in Headers */ = {isa = PBXBuildFile; fileRef = B88C112B1290D2BA00B49835 /* CWSystemInfo.h */; settings = {ATTRIBUTES = (Public, ); }; };
		B88C112E1290D2BA00B49835 /* CWSystemInfo.m in Sources */ = {isa = PBXBuildFile; fileRef = B88C112C1290D2BA00B49835 /* CWSystemInfo.m */; };
		B88C1197129239C500B49835 /* NSSetAdditions.h in Headers */ = {isa = PBXBuildFile; fileRef = B88C1195129239C500B49835 /* NSSetAdditions.h */; settings = {ATTRIBUTES = (Public, ); }; };
		B88C1198129239C500B49835 /* NSSetAdditions.m in Sources */ = {isa = PBXBuildFile; fileRef = B88C1196129239C500B49835 /* NSSetAdditions.m */; };
		B88F8566138049FC000CA4D0 /* CWApplicationRegistry.h in Headers */ = {isa = PBXBuildFile; fileRef = B88F8564138049FB000CA4D0 /* CWApplicationRegistry.h */; settings = {ATTRIBUTES = (Public, ); }; };
		B88F8567138049FC000CA4D0 /* CWApplicationRegistry.m in Sources */ = {isa = PBXBuildFile; fileRef = B88F8565138049FC000CA4D0 /* CWApplicationRegistry.m */; };
		B890142B11D992F000705CE4 /* CWSHA1Utilities.h in Headers */ = {isa = PBXBuildFile; fileRef = B890142911D992F000705CE4 /* CWSHA1Utilities.h */; settings = {ATTRIBUTES = (Public, ); }; };
		B890142C11D992F000705CE4 /* CWSHA1Utilities.m in Sources */ = {isa = PBXBuildFile; fileRef = B890142A11D992F000705CE4 /* CWSHA1Utilities.m */; };
		B890142F11D9931C00705CE4 /* Security.framework in Frameworks */ = {isa = PBXBuildFile; fileRef = B890142E11D9931C00705CE4 /* Security.framework */; };
		B890149511D99D6A00705CE4 /* CWMacros.h in Headers */ = {isa = PBXBuildFile; fileRef = B890149311D99D6A00705CE4 /* CWMacros.h */; settings = {ATTRIBUTES = (Public, ); }; };
		B89418FE132AF54500313534 /* CWRuntimeUtilities.h in Headers */ = {isa = PBXBuildFile; fileRef = B89418FC132AF54500313534 /* CWRuntimeUtilities.h */; settings = {ATTRIBUTES = (Public, ); }; };
		B89418FF132AF54500313534 /* CWRuntimeUtilities.m in Sources */ = {isa = PBXBuildFile; fileRef = B89418FD132AF54500313534 /* CWRuntimeUtilities.m */; };
		B897240F1347946C00BB67CF /* CWNSDateTests.m in Sources */ = {isa = PBXBuildFile; fileRef = B897240E1347946C00BB67CF /* CWNSDateTests.m */; };
		B8A084CF12F4BA2000EAFCBF /* CWExceptionUtilities.h in Headers */ = {isa = PBXBuildFile; fileRef = B8A084CD12F4BA2000EAFCBF /* CWExceptionUtilities.h */; settings = {ATTRIBUTES = (Public, ); }; };
		B8A084D012F4BA2000EAFCBF /* CWExceptionUtilities.m in Sources */ = {isa = PBXBuildFile; fileRef = B8A084CE12F4BA2000EAFCBF /* CWExceptionUtilities.m */; };
		B8C320CF12A1B77F00219E4A /* CWNSArrayTests.m in Sources */ = {isa = PBXBuildFile; fileRef = B8C320CE12A1B77F00219E4A /* CWNSArrayTests.m */; };
		B8D9193A133E3C9D009AC4AC /* CWReachability.h in Headers */ = {isa = PBXBuildFile; fileRef = B8D91938133E3C9D009AC4AC /* CWReachability.h */; settings = {ATTRIBUTES = (Public, ); }; };
		B8D9193B133E3C9D009AC4AC /* CWReachability.m in Sources */ = {isa = PBXBuildFile; fileRef = B8D91939133E3C9D009AC4AC /* CWReachability.m */; };
		B8D9196D133E493A009AC4AC /* SystemConfiguration.framework in Frameworks */ = {isa = PBXBuildFile; fileRef = B8D9196C133E493A009AC4AC /* SystemConfiguration.framework */; };
		B8DC9A94134A6DF200501FC1 /* libz.dylib in Frameworks */ = {isa = PBXBuildFile; fileRef = B8DC9A93134A6DF200501FC1 /* libz.dylib */; };
		B8E654B5136CD6F8000672A0 /* CWCFConversionMacros.h in Headers */ = {isa = PBXBuildFile; fileRef = B8E654B4136CD6F8000672A0 /* CWCFConversionMacros.h */; settings = {ATTRIBUTES = (Public, ); }; };
		B8E71A9512C42A10003D09A7 /* CWErrorUtilities.h in Headers */ = {isa = PBXBuildFile; fileRef = B8E71A9312C42A10003D09A7 /* CWErrorUtilities.h */; settings = {ATTRIBUTES = (Public, ); }; };
		B8E71A9612C42A10003D09A7 /* CWErrorUtilities.m in Sources */ = {isa = PBXBuildFile; fileRef = B8E71A9412C42A10003D09A7 /* CWErrorUtilities.m */; };
		B8E8F62212F1ED15001A0BBF /* NSManagedObjectAdditions.h in Headers */ = {isa = PBXBuildFile; fileRef = B8E8F62012F1ED15001A0BBF /* NSManagedObjectAdditions.h */; settings = {ATTRIBUTES = (Public, ); }; };
		B8E8F62312F1ED15001A0BBF /* NSManagedObjectAdditions.m in Sources */ = {isa = PBXBuildFile; fileRef = B8E8F62112F1ED15001A0BBF /* NSManagedObjectAdditions.m */; };
		B8E8F62A12F1ED30001A0BBF /* CoreData.framework in Frameworks */ = {isa = PBXBuildFile; fileRef = B8E8F62912F1ED30001A0BBF /* CoreData.framework */; };
		B8E9142F12BD8C7400167AE8 /* CWNSObjectTests.m in Sources */ = {isa = PBXBuildFile; fileRef = B8E9141412BD8B0A00167AE8 /* CWNSObjectTests.m */; };
		B8E914CA12BFF5C000167AE8 /* CWPathUtilities.h in Headers */ = {isa = PBXBuildFile; fileRef = B8E914C812BFF5C000167AE8 /* CWPathUtilities.h */; settings = {ATTRIBUTES = (Public, ); }; };
		B8E914CB12BFF5C000167AE8 /* CWPathUtilities.m in Sources */ = {isa = PBXBuildFile; fileRef = B8E914C912BFF5C000167AE8 /* CWPathUtilities.m */; };
		B8F5E68812A0301A00E58C94 /* CWDictionaryTests.m in Sources */ = {isa = PBXBuildFile; fileRef = B8F5E68712A0301A00E58C94 /* CWDictionaryTests.m */; };
		B8F5E6C512A0343900E58C94 /* Zangetsu.framework in Frameworks */ = {isa = PBXBuildFile; fileRef = 8DC2EF5B0486A6940098B216 /* Zangetsu.framework */; };
		B8F5E6E412A0355900E58C94 /* CWSetTests.m in Sources */ = {isa = PBXBuildFile; fileRef = B8F5E6E312A0355900E58C94 /* CWSetTests.m */; };
/* End PBXBuildFile section */

/* Begin PBXContainerItemProxy section */
		B8679C121379CA2D006C0578 /* PBXContainerItemProxy */ = {
			isa = PBXContainerItemProxy;
			containerPortal = 0867D690FE84028FC02AAC07 /* Project object */;
			proxyType = 1;
			remoteGlobalIDString = B8F5E66812A02EB400E58C94;
			remoteInfo = "Unit Tests";
		};
/* End PBXContainerItemProxy section */

/* Begin PBXFileReference section */
		0867D69BFE84028FC02AAC07 /* Foundation.framework */ = {isa = PBXFileReference; lastKnownFileType = wrapper.framework; name = Foundation.framework; path = /System/Library/Frameworks/Foundation.framework; sourceTree = "<absolute>"; };
		0867D6A5FE840307C02AAC07 /* AppKit.framework */ = {isa = PBXFileReference; lastKnownFileType = wrapper.framework; name = AppKit.framework; path = /System/Library/Frameworks/AppKit.framework; sourceTree = "<absolute>"; };
		089C1667FE841158C02AAC07 /* English */ = {isa = PBXFileReference; fileEncoding = 4; lastKnownFileType = text.plist.strings; name = English; path = English.lproj/InfoPlist.strings; sourceTree = "<group>"; };
		1058C7B1FEA5585E11CA2CBB /* Cocoa.framework */ = {isa = PBXFileReference; lastKnownFileType = wrapper.framework; name = Cocoa.framework; path = /System/Library/Frameworks/Cocoa.framework; sourceTree = "<absolute>"; };
		32DBCF5E0370ADEE00C91783 /* Zangetsu_Prefix.pch */ = {isa = PBXFileReference; fileEncoding = 4; lastKnownFileType = sourcecode.c.h; path = Zangetsu_Prefix.pch; sourceTree = "<group>"; };
		8DC2EF5A0486A6940098B216 /* Info.plist */ = {isa = PBXFileReference; fileEncoding = 4; lastKnownFileType = text.plist.xml; path = Info.plist; sourceTree = "<group>"; };
		8DC2EF5B0486A6940098B216 /* Zangetsu.framework */ = {isa = PBXFileReference; explicitFileType = wrapper.framework; includeInIndex = 0; path = Zangetsu.framework; sourceTree = BUILT_PRODUCTS_DIR; };
		B804019712F08E9200E1297F /* CWCoreDataCenter.h */ = {isa = PBXFileReference; fileEncoding = 4; lastKnownFileType = sourcecode.c.h; name = CWCoreDataCenter.h; path = Source/CWCoreDataCenter.h; sourceTree = "<group>"; };
		B804019812F08E9200E1297F /* CWCoreDataCenter.m */ = {isa = PBXFileReference; fileEncoding = 4; lastKnownFileType = sourcecode.c.objc; name = CWCoreDataCenter.m; path = Source/CWCoreDataCenter.m; sourceTree = "<group>"; };
		B804019912F08E9200E1297F /* CWSimpleCoreData.h */ = {isa = PBXFileReference; fileEncoding = 4; lastKnownFileType = sourcecode.c.h; name = CWSimpleCoreData.h; path = Source/CWSimpleCoreData.h; sourceTree = "<group>"; };
		B804019A12F08E9200E1297F /* CWSimpleCoreData.m */ = {isa = PBXFileReference; fileEncoding = 4; lastKnownFileType = sourcecode.c.objc; name = CWSimpleCoreData.m; path = Source/CWSimpleCoreData.m; sourceTree = "<group>"; };
		B8072B3213894F81008F7B63 /* CWURLTests.h */ = {isa = PBXFileReference; fileEncoding = 4; name = CWURLTests.h; path = Source/CWURLTests.h; sourceTree = "<group>"; };
		B8072B3313894F81008F7B63 /* CWURLTests.m */ = {isa = PBXFileReference; fileEncoding = 4; lastKnownFileType = sourcecode.c.objc; name = CWURLTests.m; path = Source/CWURLTests.m; sourceTree = "<group>"; };
		B80BCE4512962DD100AF8CCE /* ToDo.rtf */ = {isa = PBXFileReference; lastKnownFileType = text.rtf; path = ToDo.rtf; sourceTree = "<group>"; };
		B81BFF8A1305A7F1001A4BCF /* CWURLUtilities.h */ = {isa = PBXFileReference; fileEncoding = 4; lastKnownFileType = sourcecode.c.h; name = CWURLUtilities.h; path = Source/CWURLUtilities.h; sourceTree = "<group>"; };
		B81BFF8B1305A7F2001A4BCF /* CWURLUtilities.m */ = {isa = PBXFileReference; fileEncoding = 4; lastKnownFileType = sourcecode.c.objc; name = CWURLUtilities.m; path = Source/CWURLUtilities.m; sourceTree = "<group>"; };
		B81C9F681387028A0057978C /* CWFileUtilities.h */ = {isa = PBXFileReference; fileEncoding = 4; lastKnownFileType = sourcecode.c.h; name = CWFileUtilities.h; path = Source/CWFileUtilities.h; sourceTree = "<group>"; };
		B81C9F691387028A0057978C /* CWFileUtilities.m */ = {isa = PBXFileReference; fileEncoding = 4; lastKnownFileType = sourcecode.c.objc; name = CWFileUtilities.m; path = Source/CWFileUtilities.m; sourceTree = "<group>"; };
		B82B955412E24F8E00CABF26 /* NSDataAdditions.h */ = {isa = PBXFileReference; fileEncoding = 4; lastKnownFileType = sourcecode.c.h; name = NSDataAdditions.h; path = Source/NSDataAdditions.h; sourceTree = "<group>"; };
		B82B955512E24F8E00CABF26 /* NSDataAdditions.m */ = {isa = PBXFileReference; fileEncoding = 4; lastKnownFileType = sourcecode.c.objc; name = NSDataAdditions.m; path = Source/NSDataAdditions.m; sourceTree = "<group>"; };
		B82D252C12AB6962006650B8 /* CWNSStringTests.h */ = {isa = PBXFileReference; fileEncoding = 4; lastKnownFileType = sourcecode.c.h; name = CWNSStringTests.h; path = Source/CWNSStringTests.h; sourceTree = "<group>"; };
		B82D252D12AB6962006650B8 /* CWNSStringTests.m */ = {isa = PBXFileReference; fileEncoding = 4; lastKnownFileType = sourcecode.c.objc; name = CWNSStringTests.m; path = Source/CWNSStringTests.m; sourceTree = "<group>"; };
		B82D263012ADD557006650B8 /* NSURLConnectionAdditions.h */ = {isa = PBXFileReference; fileEncoding = 4; lastKnownFileType = sourcecode.c.h; name = NSURLConnectionAdditions.h; path = Source/NSURLConnectionAdditions.h; sourceTree = "<group>"; };
		B82D263112ADD557006650B8 /* NSURLConnectionAdditions.m */ = {isa = PBXFileReference; fileEncoding = 4; lastKnownFileType = sourcecode.c.objc; name = NSURLConnectionAdditions.m; path = Source/NSURLConnectionAdditions.m; sourceTree = "<group>"; };
		B82D73E711DA850A00863F3B /* Zangetsu.h */ = {isa = PBXFileReference; fileEncoding = 4; lastKnownFileType = sourcecode.c.h; path = Zangetsu.h; sourceTree = "<group>"; };
		B837BC171284FDC0009215D7 /* NSStringAdditions.h */ = {isa = PBXFileReference; fileEncoding = 4; lastKnownFileType = sourcecode.c.h; name = NSStringAdditions.h; path = Source/NSStringAdditions.h; sourceTree = "<group>"; };
		B837BC181284FDC0009215D7 /* NSStringAdditions.m */ = {isa = PBXFileReference; fileEncoding = 4; lastKnownFileType = sourcecode.c.objc; name = NSStringAdditions.m; path = Source/NSStringAdditions.m; sourceTree = "<group>"; };
		B8380E4013452C18009988F5 /* NSDateAddtions.h */ = {isa = PBXFileReference; fileEncoding = 4; lastKnownFileType = sourcecode.c.h; name = NSDateAddtions.h; path = Source/NSDateAddtions.h; sourceTree = "<group>"; };
		B8380E4113452C18009988F5 /* NSDateAddtions.m */ = {isa = PBXFileReference; fileEncoding = 4; lastKnownFileType = sourcecode.c.objc; name = NSDateAddtions.m; path = Source/NSDateAddtions.m; sourceTree = "<group>"; };
		B849506C12C52F6E00098684 /* CWGraphicsFoundation.h */ = {isa = PBXFileReference; fileEncoding = 4; lastKnownFileType = sourcecode.c.h; name = CWGraphicsFoundation.h; path = Source/CWGraphicsFoundation.h; sourceTree = "<group>"; };
		B849506D12C52F6E00098684 /* CWGraphicsFoundation.m */ = {isa = PBXFileReference; fileEncoding = 4; lastKnownFileType = sourcecode.c.objc; name = CWGraphicsFoundation.m; path = Source/CWGraphicsFoundation.m; sourceTree = "<group>"; };
		B849522F12CBE1CF00098684 /* CWMD5Utilities.h */ = {isa = PBXFileReference; fileEncoding = 4; lastKnownFileType = sourcecode.c.h; name = CWMD5Utilities.h; path = Source/CWMD5Utilities.h; sourceTree = "<group>"; };
		B849523012CBE1CF00098684 /* CWMD5Utilities.m */ = {isa = PBXFileReference; fileEncoding = 4; lastKnownFileType = sourcecode.c.objc; name = CWMD5Utilities.m; path = Source/CWMD5Utilities.m; sourceTree = "<group>"; };
		B84994A7128210D6001206E1 /* CWTask.h */ = {isa = PBXFileReference; fileEncoding = 4; lastKnownFileType = sourcecode.c.h; name = CWTask.h; path = Source/CWTask.h; sourceTree = "<group>"; };
		B84994A8128210D6001206E1 /* CWTask.m */ = {isa = PBXFileReference; fileEncoding = 4; lastKnownFileType = sourcecode.c.objc; name = CWTask.m; path = Source/CWTask.m; sourceTree = "<group>"; };
		B84995C4128396E1001206E1 /* CWDateUtilities.h */ = {isa = PBXFileReference; fileEncoding = 4; lastKnownFileType = sourcecode.c.h; name = CWDateUtilities.h; path = Source/CWDateUtilities.h; sourceTree = "<group>"; };
		B84995C5128396E1001206E1 /* CWDateUtilities.m */ = {isa = PBXFileReference; fileEncoding = 4; lastKnownFileType = sourcecode.c.objc; name = CWDateUtilities.m; path = Source/CWDateUtilities.m; sourceTree = "<group>"; };
		B857FC6E12B96275001AA9A9 /* NSObjectAdditions.h */ = {isa = PBXFileReference; fileEncoding = 4; lastKnownFileType = sourcecode.c.h; name = NSObjectAdditions.h; path = Source/NSObjectAdditions.h; sourceTree = "<group>"; };
		B857FC6F12B96275001AA9A9 /* NSObjectAdditions.m */ = {isa = PBXFileReference; fileEncoding = 4; lastKnownFileType = sourcecode.c.objc; name = NSObjectAdditions.m; path = Source/NSObjectAdditions.m; sourceTree = "<group>"; };
		B857FD0D12BA8E46001AA9A9 /* CWFoundation.h */ = {isa = PBXFileReference; fileEncoding = 4; lastKnownFileType = sourcecode.c.h; name = CWFoundation.h; path = Source/CWFoundation.h; sourceTree = "<group>"; };
		B857FD0E12BA8E46001AA9A9 /* CWFoundation.m */ = {isa = PBXFileReference; fileEncoding = 4; lastKnownFileType = sourcecode.c.objc; name = CWFoundation.m; path = Source/CWFoundation.m; sourceTree = "<group>"; };
		B8588975128DF314002AC417 /* NSArrayAdditions.h */ = {isa = PBXFileReference; fileEncoding = 4; lastKnownFileType = sourcecode.c.h; name = NSArrayAdditions.h; path = Source/NSArrayAdditions.h; sourceTree = "<group>"; };
		B8588976128DF314002AC417 /* NSArrayAdditions.m */ = {isa = PBXFileReference; fileEncoding = 4; lastKnownFileType = sourcecode.c.objc; name = NSArrayAdditions.m; path = Source/NSArrayAdditions.m; sourceTree = "<group>"; };
		B85889A0128E04E9002AC417 /* NSDictionaryAdditions.h */ = {isa = PBXFileReference; fileEncoding = 4; lastKnownFileType = sourcecode.c.h; name = NSDictionaryAdditions.h; path = Source/NSDictionaryAdditions.h; sourceTree = "<group>"; };
		B85889A1128E04E9002AC417 /* NSDictionaryAdditions.m */ = {isa = PBXFileReference; fileEncoding = 4; lastKnownFileType = sourcecode.c.objc; name = NSDictionaryAdditions.m; path = Source/NSDictionaryAdditions.m; sourceTree = "<group>"; };
		B8617C0C132E6E1700AD0F78 /* CWNSErrorTests.h */ = {isa = PBXFileReference; fileEncoding = 4; lastKnownFileType = sourcecode.c.h; name = CWNSErrorTests.h; path = Source/CWNSErrorTests.h; sourceTree = "<group>"; };
		B8617C0D132E6E1700AD0F78 /* CWNSErrorTests.m */ = {isa = PBXFileReference; fileEncoding = 4; lastKnownFileType = sourcecode.c.objc; name = CWNSErrorTests.m; path = Source/CWNSErrorTests.m; sourceTree = "<group>"; };
		B87AB19F1314182600CB2793 /* CWAppImageCache.h */ = {isa = PBXFileReference; fileEncoding = 4; lastKnownFileType = sourcecode.c.h; name = CWAppImageCache.h; path = Source/CWAppImageCache.h; sourceTree = "<group>"; };
		B87AB1A01314182700CB2793 /* CWAppImageCache.m */ = {isa = PBXFileReference; fileEncoding = 4; lastKnownFileType = sourcecode.c.objc; name = CWAppImageCache.m; path = Source/CWAppImageCache.m; sourceTree = "<group>"; };
		B8806A2B12B3D44D00F85BCE /* CWBlockFoundation.h */ = {isa = PBXFileReference; fileEncoding = 4; lastKnownFileType = sourcecode.c.h; name = CWBlockFoundation.h; path = Source/CWBlockFoundation.h; sourceTree = "<group>"; };
		B8806A2C12B3D44D00F85BCE /* CWBlockFoundation.m */ = {isa = PBXFileReference; fileEncoding = 4; lastKnownFileType = sourcecode.c.objc; name = CWBlockFoundation.m; path = Source/CWBlockFoundation.m; sourceTree = "<group>"; };
		B8806A6712B3E88500F85BCE /* CWDebugUtilities.h */ = {isa = PBXFileReference; fileEncoding = 4; lastKnownFileType = sourcecode.c.h; name = CWDebugUtilities.h; path = Source/CWDebugUtilities.h; sourceTree = "<group>"; };
		B8806A6812B3E88500F85BCE /* CWDebugUtilities.m */ = {isa = PBXFileReference; fileEncoding = 4; lastKnownFileType = sourcecode.c.objc; name = CWDebugUtilities.m; path = Source/CWDebugUtilities.m; sourceTree = "<group>"; };
		B88C112B1290D2BA00B49835 /* CWSystemInfo.h */ = {isa = PBXFileReference; fileEncoding = 4; lastKnownFileType = sourcecode.c.h; name = CWSystemInfo.h; path = Source/CWSystemInfo.h; sourceTree = "<group>"; };
		B88C112C1290D2BA00B49835 /* CWSystemInfo.m */ = {isa = PBXFileReference; fileEncoding = 4; lastKnownFileType = sourcecode.c.objc; name = CWSystemInfo.m; path = Source/CWSystemInfo.m; sourceTree = "<group>"; };
		B88C1195129239C500B49835 /* NSSetAdditions.h */ = {isa = PBXFileReference; fileEncoding = 4; lastKnownFileType = sourcecode.c.h; name = NSSetAdditions.h; path = Source/NSSetAdditions.h; sourceTree = "<group>"; };
		B88C1196129239C500B49835 /* NSSetAdditions.m */ = {isa = PBXFileReference; fileEncoding = 4; lastKnownFileType = sourcecode.c.objc; name = NSSetAdditions.m; path = Source/NSSetAdditions.m; sourceTree = "<group>"; };
		B88F8564138049FB000CA4D0 /* CWApplicationRegistry.h */ = {isa = PBXFileReference; fileEncoding = 4; lastKnownFileType = sourcecode.c.h; name = CWApplicationRegistry.h; path = Source/CWApplicationRegistry.h; sourceTree = "<group>"; };
		B88F8565138049FC000CA4D0 /* CWApplicationRegistry.m */ = {isa = PBXFileReference; fileEncoding = 4; lastKnownFileType = sourcecode.c.objc; name = CWApplicationRegistry.m; path = Source/CWApplicationRegistry.m; sourceTree = "<group>"; };
		B890142911D992F000705CE4 /* CWSHA1Utilities.h */ = {isa = PBXFileReference; fileEncoding = 4; lastKnownFileType = sourcecode.c.h; name = CWSHA1Utilities.h; path = Source/CWSHA1Utilities.h; sourceTree = "<group>"; };
		B890142A11D992F000705CE4 /* CWSHA1Utilities.m */ = {isa = PBXFileReference; fileEncoding = 4; lastKnownFileType = sourcecode.c.objc; name = CWSHA1Utilities.m; path = Source/CWSHA1Utilities.m; sourceTree = "<group>"; };
		B890142E11D9931C00705CE4 /* Security.framework */ = {isa = PBXFileReference; lastKnownFileType = wrapper.framework; name = Security.framework; path = System/Library/Frameworks/Security.framework; sourceTree = SDKROOT; };
		B890149311D99D6A00705CE4 /* CWMacros.h */ = {isa = PBXFileReference; fileEncoding = 4; lastKnownFileType = sourcecode.c.h; name = CWMacros.h; path = Source/CWMacros.h; sourceTree = "<group>"; };
		B89418FC132AF54500313534 /* CWRuntimeUtilities.h */ = {isa = PBXFileReference; fileEncoding = 4; lastKnownFileType = sourcecode.c.h; name = CWRuntimeUtilities.h; path = Source/CWRuntimeUtilities.h; sourceTree = "<group>"; };
		B89418FD132AF54500313534 /* CWRuntimeUtilities.m */ = {isa = PBXFileReference; fileEncoding = 4; lastKnownFileType = sourcecode.c.objc; name = CWRuntimeUtilities.m; path = Source/CWRuntimeUtilities.m; sourceTree = "<group>"; };
		B897240D1347946C00BB67CF /* CWNSDateTests.h */ = {isa = PBXFileReference; fileEncoding = 4; lastKnownFileType = sourcecode.c.h; name = CWNSDateTests.h; path = Source/CWNSDateTests.h; sourceTree = "<group>"; };
		B897240E1347946C00BB67CF /* CWNSDateTests.m */ = {isa = PBXFileReference; fileEncoding = 4; lastKnownFileType = sourcecode.c.objc; name = CWNSDateTests.m; path = Source/CWNSDateTests.m; sourceTree = "<group>"; };
		B8A084CD12F4BA2000EAFCBF /* CWExceptionUtilities.h */ = {isa = PBXFileReference; fileEncoding = 4; lastKnownFileType = sourcecode.c.h; name = CWExceptionUtilities.h; path = Source/CWExceptionUtilities.h; sourceTree = "<group>"; };
		B8A084CE12F4BA2000EAFCBF /* CWExceptionUtilities.m */ = {isa = PBXFileReference; fileEncoding = 4; lastKnownFileType = sourcecode.c.objc; name = CWExceptionUtilities.m; path = Source/CWExceptionUtilities.m; sourceTree = "<group>"; };
		B8B6638B1287A93B00CB4E3E /* ReadMe.md */ = {isa = PBXFileReference; fileEncoding = 4; lastKnownFileType = text; path = ReadMe.md; sourceTree = "<group>"; };
		B8C320CD12A1B77F00219E4A /* CWNSArrayTests.h */ = {isa = PBXFileReference; fileEncoding = 4; lastKnownFileType = sourcecode.c.h; name = CWNSArrayTests.h; path = Source/CWNSArrayTests.h; sourceTree = "<group>"; };
		B8C320CE12A1B77F00219E4A /* CWNSArrayTests.m */ = {isa = PBXFileReference; fileEncoding = 4; lastKnownFileType = sourcecode.c.objc; name = CWNSArrayTests.m; path = Source/CWNSArrayTests.m; sourceTree = "<group>"; };
		B8D91938133E3C9D009AC4AC /* CWReachability.h */ = {isa = PBXFileReference; fileEncoding = 4; lastKnownFileType = sourcecode.c.h; name = CWReachability.h; path = Source/CWReachability.h; sourceTree = "<group>"; };
		B8D91939133E3C9D009AC4AC /* CWReachability.m */ = {isa = PBXFileReference; fileEncoding = 4; lastKnownFileType = sourcecode.c.objc; name = CWReachability.m; path = Source/CWReachability.m; sourceTree = "<group>"; };
		B8D9196C133E493A009AC4AC /* SystemConfiguration.framework */ = {isa = PBXFileReference; lastKnownFileType = wrapper.framework; name = SystemConfiguration.framework; path = System/Library/Frameworks/SystemConfiguration.framework; sourceTree = SDKROOT; };
		B8DC9A93134A6DF200501FC1 /* libz.dylib */ = {isa = PBXFileReference; lastKnownFileType = "compiled.mach-o.dylib"; name = libz.dylib; path = usr/lib/libz.dylib; sourceTree = SDKROOT; };
		B8E654B4136CD6F8000672A0 /* CWCFConversionMacros.h */ = {isa = PBXFileReference; fileEncoding = 4; lastKnownFileType = sourcecode.c.h; name = CWCFConversionMacros.h; path = Source/CWCFConversionMacros.h; sourceTree = "<group>"; };
		B8E71A9312C42A10003D09A7 /* CWErrorUtilities.h */ = {isa = PBXFileReference; fileEncoding = 4; lastKnownFileType = sourcecode.c.h; name = CWErrorUtilities.h; path = Source/CWErrorUtilities.h; sourceTree = "<group>"; };
		B8E71A9412C42A10003D09A7 /* CWErrorUtilities.m */ = {isa = PBXFileReference; fileEncoding = 4; lastKnownFileType = sourcecode.c.objc; name = CWErrorUtilities.m; path = Source/CWErrorUtilities.m; sourceTree = "<group>"; };
		B8E8F62012F1ED15001A0BBF /* NSManagedObjectAdditions.h */ = {isa = PBXFileReference; fileEncoding = 4; lastKnownFileType = sourcecode.c.h; name = NSManagedObjectAdditions.h; path = Source/NSManagedObjectAdditions.h; sourceTree = "<group>"; };
		B8E8F62112F1ED15001A0BBF /* NSManagedObjectAdditions.m */ = {isa = PBXFileReference; fileEncoding = 4; lastKnownFileType = sourcecode.c.objc; name = NSManagedObjectAdditions.m; path = Source/NSManagedObjectAdditions.m; sourceTree = "<group>"; };
		B8E8F62912F1ED30001A0BBF /* CoreData.framework */ = {isa = PBXFileReference; lastKnownFileType = wrapper.framework; name = CoreData.framework; path = System/Library/Frameworks/CoreData.framework; sourceTree = SDKROOT; };
		B8E9141312BD8B0A00167AE8 /* CWNSObjectTests.h */ = {isa = PBXFileReference; fileEncoding = 4; lastKnownFileType = sourcecode.c.h; name = CWNSObjectTests.h; path = Source/CWNSObjectTests.h; sourceTree = "<group>"; };
		B8E9141412BD8B0A00167AE8 /* CWNSObjectTests.m */ = {isa = PBXFileReference; fileEncoding = 4; lastKnownFileType = sourcecode.c.objc; name = CWNSObjectTests.m; path = Source/CWNSObjectTests.m; sourceTree = "<group>"; };
		B8E914C812BFF5C000167AE8 /* CWPathUtilities.h */ = {isa = PBXFileReference; fileEncoding = 4; lastKnownFileType = sourcecode.c.h; name = CWPathUtilities.h; path = Source/CWPathUtilities.h; sourceTree = "<group>"; };
		B8E914C912BFF5C000167AE8 /* CWPathUtilities.m */ = {isa = PBXFileReference; fileEncoding = 4; lastKnownFileType = sourcecode.c.objc; name = CWPathUtilities.m; path = Source/CWPathUtilities.m; sourceTree = "<group>"; };
		B8F5E66912A02EB400E58C94 /* Unit Tests.octest */ = {isa = PBXFileReference; explicitFileType = wrapper.cfbundle; includeInIndex = 0; path = "Unit Tests.octest"; sourceTree = BUILT_PRODUCTS_DIR; };
		B8F5E66A12A02EB400E58C94 /* Unit Tests-Info.plist */ = {isa = PBXFileReference; lastKnownFileType = text.plist.xml; path = "Unit Tests-Info.plist"; sourceTree = "<group>"; };
		B8F5E68612A0301A00E58C94 /* CWDictionaryTests.h */ = {isa = PBXFileReference; fileEncoding = 4; lastKnownFileType = sourcecode.c.h; name = CWDictionaryTests.h; path = Source/CWDictionaryTests.h; sourceTree = "<group>"; };
		B8F5E68712A0301A00E58C94 /* CWDictionaryTests.m */ = {isa = PBXFileReference; fileEncoding = 4; lastKnownFileType = sourcecode.c.objc; name = CWDictionaryTests.m; path = Source/CWDictionaryTests.m; sourceTree = "<group>"; };
		B8F5E6E212A0355900E58C94 /* CWSetTests.h */ = {isa = PBXFileReference; fileEncoding = 4; lastKnownFileType = sourcecode.c.h; name = CWSetTests.h; path = Source/CWSetTests.h; sourceTree = "<group>"; };
		B8F5E6E312A0355900E58C94 /* CWSetTests.m */ = {isa = PBXFileReference; fileEncoding = 4; lastKnownFileType = sourcecode.c.objc; name = CWSetTests.m; path = Source/CWSetTests.m; sourceTree = "<group>"; };
		D2F7E79907B2D74100F64583 /* CoreData.framework */ = {isa = PBXFileReference; lastKnownFileType = wrapper.framework; name = CoreData.framework; path = /System/Library/Frameworks/CoreData.framework; sourceTree = "<absolute>"; };
/* End PBXFileReference section */

/* Begin PBXFrameworksBuildPhase section */
		8DC2EF560486A6940098B216 /* Frameworks */ = {
			isa = PBXFrameworksBuildPhase;
			buildActionMask = 2147483647;
			files = (
				B8DC9A94134A6DF200501FC1 /* libz.dylib in Frameworks */,
				B8D9196D133E493A009AC4AC /* SystemConfiguration.framework in Frameworks */,
				8DC2EF570486A6940098B216 /* Cocoa.framework in Frameworks */,
				B890142F11D9931C00705CE4 /* Security.framework in Frameworks */,
			);
			runOnlyForDeploymentPostprocessing = 0;
		};
		B8F5E66612A02EB400E58C94 /* Frameworks */ = {
			isa = PBXFrameworksBuildPhase;
			buildActionMask = 2147483647;
			files = (
				B8F5E6C512A0343900E58C94 /* Zangetsu.framework in Frameworks */,
				B8E8F62A12F1ED30001A0BBF /* CoreData.framework in Frameworks */,
			);
			runOnlyForDeploymentPostprocessing = 0;
		};
/* End PBXFrameworksBuildPhase section */

/* Begin PBXGroup section */
		034768DFFF38A50411DB9C8B /* Products */ = {
			isa = PBXGroup;
			children = (
				8DC2EF5B0486A6940098B216 /* Zangetsu.framework */,
				B8F5E66912A02EB400E58C94 /* Unit Tests.octest */,
			);
			name = Products;
			sourceTree = "<group>";
		};
		0867D691FE84028FC02AAC07 /* Zangetsu */ = {
			isa = PBXGroup;
			children = (
				B8B6638B1287A93B00CB4E3E /* ReadMe.md */,
				B82D73E711DA850A00863F3B /* Zangetsu.h */,
				B80BCE4512962DD100AF8CCE /* ToDo.rtf */,
				08FB77AEFE84172EC02AAC07 /* Classes */,
				32C88DFF0371C24200C91783 /* Other Sources */,
				089C1665FE841158C02AAC07 /* Resources */,
				0867D69AFE84028FC02AAC07 /* External Frameworks and Libraries */,
				034768DFFF38A50411DB9C8B /* Products */,
				B8F5E66A12A02EB400E58C94 /* Unit Tests-Info.plist */,
			);
			name = Zangetsu;
			sourceTree = "<group>";
		};
		0867D69AFE84028FC02AAC07 /* External Frameworks and Libraries */ = {
			isa = PBXGroup;
			children = (
				1058C7B0FEA5585E11CA2CBB /* Linked Frameworks */,
				1058C7B2FEA5585E11CA2CBB /* Other Frameworks */,
			);
			name = "External Frameworks and Libraries";
			sourceTree = "<group>";
		};
		089C1665FE841158C02AAC07 /* Resources */ = {
			isa = PBXGroup;
			children = (
				8DC2EF5A0486A6940098B216 /* Info.plist */,
				089C1666FE841158C02AAC07 /* InfoPlist.strings */,
			);
			name = Resources;
			sourceTree = "<group>";
		};
		08FB77AEFE84172EC02AAC07 /* Classes */ = {
			isa = PBXGroup;
			children = (
				B890149311D99D6A00705CE4 /* CWMacros.h */,
				B8E654B4136CD6F8000672A0 /* CWCFConversionMacros.h */,
				B88F8564138049FB000CA4D0 /* CWApplicationRegistry.h */,
				B88F8565138049FC000CA4D0 /* CWApplicationRegistry.m */,
				B81C9F681387028A0057978C /* CWFileUtilities.h */,
				B81C9F691387028A0057978C /* CWFileUtilities.m */,
				B84995C4128396E1001206E1 /* CWDateUtilities.h */,
				B84995C5128396E1001206E1 /* CWDateUtilities.m */,
				B84994A7128210D6001206E1 /* CWTask.h */,
				B84994A8128210D6001206E1 /* CWTask.m */,
				B88C112B1290D2BA00B49835 /* CWSystemInfo.h */,
				B88C112C1290D2BA00B49835 /* CWSystemInfo.m */,
				B8806A2B12B3D44D00F85BCE /* CWBlockFoundation.h */,
				B8806A2C12B3D44D00F85BCE /* CWBlockFoundation.m */,
				B8806A6712B3E88500F85BCE /* CWDebugUtilities.h */,
				B8806A6812B3E88500F85BCE /* CWDebugUtilities.m */,
				B857FD0D12BA8E46001AA9A9 /* CWFoundation.h */,
				B857FD0E12BA8E46001AA9A9 /* CWFoundation.m */,
				B8E914C812BFF5C000167AE8 /* CWPathUtilities.h */,
				B8E914C912BFF5C000167AE8 /* CWPathUtilities.m */,
				B849506C12C52F6E00098684 /* CWGraphicsFoundation.h */,
				B849506D12C52F6E00098684 /* CWGraphicsFoundation.m */,
				B81BFF8A1305A7F1001A4BCF /* CWURLUtilities.h */,
				B81BFF8B1305A7F2001A4BCF /* CWURLUtilities.m */,
				B87AB19F1314182600CB2793 /* CWAppImageCache.h */,
				B87AB1A01314182700CB2793 /* CWAppImageCache.m */,
				B89418FC132AF54500313534 /* CWRuntimeUtilities.h */,
				B89418FD132AF54500313534 /* CWRuntimeUtilities.m */,
				B8D91938133E3C9D009AC4AC /* CWReachability.h */,
				B8D91939133E3C9D009AC4AC /* CWReachability.m */,
				B8A084D212F4BA2B00EAFCBF /* Errors and Exceptions */,
				B8E8F6CF12F34339001A0BBF /* Hashing */,
				B804019412F08E7200E1297F /* Core Data */,
				B858897A128DF403002AC417 /* Foundation Additions */,
				B8F5E67C12A02F6500E58C94 /* Unit Tests */,
			);
			name = Classes;
			sourceTree = "<group>";
		};
		1058C7B0FEA5585E11CA2CBB /* Linked Frameworks */ = {
			isa = PBXGroup;
			children = (
				B8DC9A93134A6DF200501FC1 /* libz.dylib */,
				1058C7B1FEA5585E11CA2CBB /* Cocoa.framework */,
				B890142E11D9931C00705CE4 /* Security.framework */,
				B8E8F62912F1ED30001A0BBF /* CoreData.framework */,
				B8D9196C133E493A009AC4AC /* SystemConfiguration.framework */,
			);
			name = "Linked Frameworks";
			sourceTree = "<group>";
		};
		1058C7B2FEA5585E11CA2CBB /* Other Frameworks */ = {
			isa = PBXGroup;
			children = (
				0867D6A5FE840307C02AAC07 /* AppKit.framework */,
				D2F7E79907B2D74100F64583 /* CoreData.framework */,
				0867D69BFE84028FC02AAC07 /* Foundation.framework */,
			);
			name = "Other Frameworks";
			sourceTree = "<group>";
		};
		32C88DFF0371C24200C91783 /* Other Sources */ = {
			isa = PBXGroup;
			children = (
				32DBCF5E0370ADEE00C91783 /* Zangetsu_Prefix.pch */,
			);
			name = "Other Sources";
			sourceTree = "<group>";
		};
		B804019412F08E7200E1297F /* Core Data */ = {
			isa = PBXGroup;
			children = (
				B804019712F08E9200E1297F /* CWCoreDataCenter.h */,
				B804019812F08E9200E1297F /* CWCoreDataCenter.m */,
				B804019912F08E9200E1297F /* CWSimpleCoreData.h */,
				B804019A12F08E9200E1297F /* CWSimpleCoreData.m */,
				B8E8F62012F1ED15001A0BBF /* NSManagedObjectAdditions.h */,
				B8E8F62112F1ED15001A0BBF /* NSManagedObjectAdditions.m */,
			);
			name = "Core Data";
			sourceTree = "<group>";
		};
		B858897A128DF403002AC417 /* Foundation Additions */ = {
			isa = PBXGroup;
			children = (
				B8588975128DF314002AC417 /* NSArrayAdditions.h */,
				B8588976128DF314002AC417 /* NSArrayAdditions.m */,
				B82B955412E24F8E00CABF26 /* NSDataAdditions.h */,
				B82B955512E24F8E00CABF26 /* NSDataAdditions.m */,
				B8380E4013452C18009988F5 /* NSDateAddtions.h */,
				B8380E4113452C18009988F5 /* NSDateAddtions.m */,
				B85889A0128E04E9002AC417 /* NSDictionaryAdditions.h */,
				B85889A1128E04E9002AC417 /* NSDictionaryAdditions.m */,
				B857FC6E12B96275001AA9A9 /* NSObjectAdditions.h */,
				B857FC6F12B96275001AA9A9 /* NSObjectAdditions.m */,
				B88C1195129239C500B49835 /* NSSetAdditions.h */,
				B88C1196129239C500B49835 /* NSSetAdditions.m */,
				B837BC171284FDC0009215D7 /* NSStringAdditions.h */,
				B837BC181284FDC0009215D7 /* NSStringAdditions.m */,
				B82D263012ADD557006650B8 /* NSURLConnectionAdditions.h */,
				B82D263112ADD557006650B8 /* NSURLConnectionAdditions.m */,
			);
			name = "Foundation Additions";
			sourceTree = "<group>";
		};
		B8A084D212F4BA2B00EAFCBF /* Errors and Exceptions */ = {
			isa = PBXGroup;
			children = (
				B8E71A9312C42A10003D09A7 /* CWErrorUtilities.h */,
				B8E71A9412C42A10003D09A7 /* CWErrorUtilities.m */,
				B8A084CD12F4BA2000EAFCBF /* CWExceptionUtilities.h */,
				B8A084CE12F4BA2000EAFCBF /* CWExceptionUtilities.m */,
			);
			name = "Errors and Exceptions";
			sourceTree = "<group>";
		};
		B8E8F6CF12F34339001A0BBF /* Hashing */ = {
			isa = PBXGroup;
			children = (
				B890142911D992F000705CE4 /* CWSHA1Utilities.h */,
				B890142A11D992F000705CE4 /* CWSHA1Utilities.m */,
				B849522F12CBE1CF00098684 /* CWMD5Utilities.h */,
				B849523012CBE1CF00098684 /* CWMD5Utilities.m */,
			);
			name = Hashing;
			sourceTree = "<group>";
		};
		B8F5E67C12A02F6500E58C94 /* Unit Tests */ = {
			isa = PBXGroup;
			children = (
				B8C320CD12A1B77F00219E4A /* CWNSArrayTests.h */,
				B8C320CE12A1B77F00219E4A /* CWNSArrayTests.m */,
				B897240D1347946C00BB67CF /* CWNSDateTests.h */,
				B897240E1347946C00BB67CF /* CWNSDateTests.m */,
				B8F5E68612A0301A00E58C94 /* CWDictionaryTests.h */,
				B8F5E68712A0301A00E58C94 /* CWDictionaryTests.m */,
				B8617C0C132E6E1700AD0F78 /* CWNSErrorTests.h */,
				B8617C0D132E6E1700AD0F78 /* CWNSErrorTests.m */,
				B8E9141312BD8B0A00167AE8 /* CWNSObjectTests.h */,
				B8E9141412BD8B0A00167AE8 /* CWNSObjectTests.m */,
				B82D252C12AB6962006650B8 /* CWNSStringTests.h */,
				B82D252D12AB6962006650B8 /* CWNSStringTests.m */,
				B8F5E6E212A0355900E58C94 /* CWSetTests.h */,
				B8F5E6E312A0355900E58C94 /* CWSetTests.m */,
				B8072B3213894F81008F7B63 /* CWURLTests.h */,
				B8072B3313894F81008F7B63 /* CWURLTests.m */,
			);
			name = "Unit Tests";
			sourceTree = "<group>";
		};
/* End PBXGroup section */

/* Begin PBXHeadersBuildPhase section */
		8DC2EF500486A6940098B216 /* Headers */ = {
			isa = PBXHeadersBuildPhase;
			buildActionMask = 2147483647;
			files = (
				B890142B11D992F000705CE4 /* CWSHA1Utilities.h in Headers */,
				B890149511D99D6A00705CE4 /* CWMacros.h in Headers */,
				B82D73E811DA850A00863F3B /* Zangetsu.h in Headers */,
				B84994AA128210D6001206E1 /* CWTask.h in Headers */,
				B84995C6128396E1001206E1 /* CWDateUtilities.h in Headers */,
				B837BC191284FDC0009215D7 /* NSStringAdditions.h in Headers */,
				B8588977128DF314002AC417 /* NSArrayAdditions.h in Headers */,
				B85889A2128E04E9002AC417 /* NSDictionaryAdditions.h in Headers */,
				B88C112D1290D2BA00B49835 /* CWSystemInfo.h in Headers */,
				B88C1197129239C500B49835 /* NSSetAdditions.h in Headers */,
				B82D263212ADD557006650B8 /* NSURLConnectionAdditions.h in Headers */,
				B8806A2D12B3D44D00F85BCE /* CWBlockFoundation.h in Headers */,
				B8806A6912B3E88500F85BCE /* CWDebugUtilities.h in Headers */,
				B857FC7012B96275001AA9A9 /* NSObjectAdditions.h in Headers */,
				B857FD0F12BA8E46001AA9A9 /* CWFoundation.h in Headers */,
				B8E914CA12BFF5C000167AE8 /* CWPathUtilities.h in Headers */,
				B8E71A9512C42A10003D09A7 /* CWErrorUtilities.h in Headers */,
				B849506E12C52F6E00098684 /* CWGraphicsFoundation.h in Headers */,
				B849523112CBE1CF00098684 /* CWMD5Utilities.h in Headers */,
				B82B955612E24F8E00CABF26 /* NSDataAdditions.h in Headers */,
				B804019B12F08E9200E1297F /* CWCoreDataCenter.h in Headers */,
				B804019D12F08E9200E1297F /* CWSimpleCoreData.h in Headers */,
				B8E8F62212F1ED15001A0BBF /* NSManagedObjectAdditions.h in Headers */,
				B8A084CF12F4BA2000EAFCBF /* CWExceptionUtilities.h in Headers */,
				B81BFF8C1305A7F3001A4BCF /* CWURLUtilities.h in Headers */,
				B87AB1A11314182700CB2793 /* CWAppImageCache.h in Headers */,
				B89418FE132AF54500313534 /* CWRuntimeUtilities.h in Headers */,
				B8D9193A133E3C9D009AC4AC /* CWReachability.h in Headers */,
				B8380E4213452C18009988F5 /* NSDateAddtions.h in Headers */,
				B8E654B5136CD6F8000672A0 /* CWCFConversionMacros.h in Headers */,
				B88F8566138049FC000CA4D0 /* CWApplicationRegistry.h in Headers */,
				B81C9F6A1387028A0057978C /* CWFileUtilities.h in Headers */,
			);
			runOnlyForDeploymentPostprocessing = 0;
		};
/* End PBXHeadersBuildPhase section */

/* Begin PBXNativeTarget section */
		8DC2EF4F0486A6940098B216 /* Zangetsu */ = {
			isa = PBXNativeTarget;
			buildConfigurationList = 1DEB91AD08733DA50010E9CD /* Build configuration list for PBXNativeTarget "Zangetsu" */;
			buildPhases = (
				8DC2EF500486A6940098B216 /* Headers */,
				8DC2EF520486A6940098B216 /* Resources */,
				8DC2EF540486A6940098B216 /* Sources */,
				8DC2EF560486A6940098B216 /* Frameworks */,
			);
			buildRules = (
			);
			dependencies = (
				B8679C131379CA2D006C0578 /* PBXTargetDependency */,
			);
			name = Zangetsu;
			productInstallPath = "$(HOME)/Library/Frameworks";
			productName = Zangetsu;
			productReference = 8DC2EF5B0486A6940098B216 /* Zangetsu.framework */;
			productType = "com.apple.product-type.framework";
		};
		B8F5E66812A02EB400E58C94 /* Unit Tests */ = {
			isa = PBXNativeTarget;
			buildConfigurationList = B8F5E67212A02EB700E58C94 /* Build configuration list for PBXNativeTarget "Unit Tests" */;
			buildPhases = (
				B8F5E66412A02EB400E58C94 /* Resources */,
				B8F5E66512A02EB400E58C94 /* Sources */,
				B8F5E66612A02EB400E58C94 /* Frameworks */,
				B8F5E66712A02EB400E58C94 /* ShellScript */,
			);
			buildRules = (
			);
			dependencies = (
			);
			name = "Unit Tests";
			productName = "Unit Tests";
			productReference = B8F5E66912A02EB400E58C94 /* Unit Tests.octest */;
			productType = "com.apple.product-type.bundle";
		};
/* End PBXNativeTarget section */

/* Begin PBXProject section */
		0867D690FE84028FC02AAC07 /* Project object */ = {
			isa = PBXProject;
			buildConfigurationList = 1DEB91B108733DA50010E9CD /* Build configuration list for PBXProject "Zangetsu" */;
			compatibilityVersion = "Xcode 3.2";
			developmentRegion = English;
			hasScannedForEncodings = 1;
			knownRegions = (
				English,
				Japanese,
				French,
				German,
			);
			mainGroup = 0867D691FE84028FC02AAC07 /* Zangetsu */;
			productRefGroup = 034768DFFF38A50411DB9C8B /* Products */;
			projectDirPath = "";
			projectRoot = "";
			targets = (
				8DC2EF4F0486A6940098B216 /* Zangetsu */,
				B8F5E66812A02EB400E58C94 /* Unit Tests */,
			);
		};
/* End PBXProject section */

/* Begin PBXResourcesBuildPhase section */
		8DC2EF520486A6940098B216 /* Resources */ = {
			isa = PBXResourcesBuildPhase;
			buildActionMask = 2147483647;
			files = (
				8DC2EF530486A6940098B216 /* InfoPlist.strings in Resources */,
			);
			runOnlyForDeploymentPostprocessing = 0;
		};
		B8F5E66412A02EB400E58C94 /* Resources */ = {
			isa = PBXResourcesBuildPhase;
			buildActionMask = 2147483647;
			files = (
			);
			runOnlyForDeploymentPostprocessing = 0;
		};
/* End PBXResourcesBuildPhase section */

/* Begin PBXShellScriptBuildPhase section */
		B8F5E66712A02EB400E58C94 /* ShellScript */ = {
			isa = PBXShellScriptBuildPhase;
			buildActionMask = 2147483647;
			files = (
			);
			inputPaths = (
			);
			outputPaths = (
			);
			runOnlyForDeploymentPostprocessing = 0;
			shellPath = /bin/sh;
			shellScript = "# Run the unit tests in this test bundle.\n\"${SYSTEM_DEVELOPER_DIR}/Tools/RunUnitTests\"\n";
		};
/* End PBXShellScriptBuildPhase section */

/* Begin PBXSourcesBuildPhase section */
		8DC2EF540486A6940098B216 /* Sources */ = {
			isa = PBXSourcesBuildPhase;
			buildActionMask = 2147483647;
			files = (
				B890142C11D992F000705CE4 /* CWSHA1Utilities.m in Sources */,
				B84994AB128210D6001206E1 /* CWTask.m in Sources */,
				B84995C7128396E1001206E1 /* CWDateUtilities.m in Sources */,
				B837BC1A1284FDC0009215D7 /* NSStringAdditions.m in Sources */,
				B8588978128DF314002AC417 /* NSArrayAdditions.m in Sources */,
				B85889A3128E04E9002AC417 /* NSDictionaryAdditions.m in Sources */,
				B88C112E1290D2BA00B49835 /* CWSystemInfo.m in Sources */,
				B88C1198129239C500B49835 /* NSSetAdditions.m in Sources */,
				B82D263312ADD557006650B8 /* NSURLConnectionAdditions.m in Sources */,
				B8806A2E12B3D44D00F85BCE /* CWBlockFoundation.m in Sources */,
				B8806A6A12B3E88500F85BCE /* CWDebugUtilities.m in Sources */,
				B857FC7112B96275001AA9A9 /* NSObjectAdditions.m in Sources */,
				B857FD1012BA8E46001AA9A9 /* CWFoundation.m in Sources */,
				B8E914CB12BFF5C000167AE8 /* CWPathUtilities.m in Sources */,
				B8E71A9612C42A10003D09A7 /* CWErrorUtilities.m in Sources */,
				B849506F12C52F6E00098684 /* CWGraphicsFoundation.m in Sources */,
				B849523212CBE1CF00098684 /* CWMD5Utilities.m in Sources */,
				B82B955712E24F8E00CABF26 /* NSDataAdditions.m in Sources */,
				B804019C12F08E9200E1297F /* CWCoreDataCenter.m in Sources */,
				B804019E12F08E9200E1297F /* CWSimpleCoreData.m in Sources */,
				B8E8F62312F1ED15001A0BBF /* NSManagedObjectAdditions.m in Sources */,
				B8A084D012F4BA2000EAFCBF /* CWExceptionUtilities.m in Sources */,
				B81BFF8D1305A7F3001A4BCF /* CWURLUtilities.m in Sources */,
				B87AB1A21314182700CB2793 /* CWAppImageCache.m in Sources */,
				B89418FF132AF54500313534 /* CWRuntimeUtilities.m in Sources */,
				B8D9193B133E3C9D009AC4AC /* CWReachability.m in Sources */,
				B8380E4313452C18009988F5 /* NSDateAddtions.m in Sources */,
				B88F8567138049FC000CA4D0 /* CWApplicationRegistry.m in Sources */,
				B81C9F6B1387028A0057978C /* CWFileUtilities.m in Sources */,
			);
			runOnlyForDeploymentPostprocessing = 0;
		};
		B8F5E66512A02EB400E58C94 /* Sources */ = {
			isa = PBXSourcesBuildPhase;
			buildActionMask = 2147483647;
			files = (
				B8F5E68812A0301A00E58C94 /* CWDictionaryTests.m in Sources */,
				B8F5E6E412A0355900E58C94 /* CWSetTests.m in Sources */,
				B8C320CF12A1B77F00219E4A /* CWNSArrayTests.m in Sources */,
				B82D252E12AB6962006650B8 /* CWNSStringTests.m in Sources */,
				B8E9142F12BD8C7400167AE8 /* CWNSObjectTests.m in Sources */,
				B8617C0E132E6E1700AD0F78 /* CWNSErrorTests.m in Sources */,
				B897240F1347946C00BB67CF /* CWNSDateTests.m in Sources */,
				B8072B3413894F81008F7B63 /* CWURLTests.m in Sources */,
			);
			runOnlyForDeploymentPostprocessing = 0;
		};
/* End PBXSourcesBuildPhase section */

/* Begin PBXTargetDependency section */
		B8679C131379CA2D006C0578 /* PBXTargetDependency */ = {
			isa = PBXTargetDependency;
			target = B8F5E66812A02EB400E58C94 /* Unit Tests */;
			targetProxy = B8679C121379CA2D006C0578 /* PBXContainerItemProxy */;
		};
/* End PBXTargetDependency section */

/* Begin PBXVariantGroup section */
		089C1666FE841158C02AAC07 /* InfoPlist.strings */ = {
			isa = PBXVariantGroup;
			children = (
				089C1667FE841158C02AAC07 /* English */,
			);
			name = InfoPlist.strings;
			sourceTree = "<group>";
		};
/* End PBXVariantGroup section */

/* Begin XCBuildConfiguration section */
		1DEB91AE08733DA50010E9CD /* Debug */ = {
			isa = XCBuildConfiguration;
			buildSettings = {
				ALWAYS_SEARCH_USER_PATHS = NO;
				COPY_PHASE_STRIP = NO;
				DYLIB_COMPATIBILITY_VERSION = 1;
				DYLIB_CURRENT_VERSION = 1;
				FRAMEWORK_VERSION = A;
				GCC_DYNAMIC_NO_PIC = NO;
				GCC_ENABLE_FIX_AND_CONTINUE = YES;
				GCC_MODEL_TUNING = G5;
				GCC_OPTIMIZATION_LEVEL = 0;
				GCC_PRECOMPILE_PREFIX_HEADER = YES;
				GCC_PREFIX_HEADER = Zangetsu_Prefix.pch;
				INFOPLIST_FILE = Info.plist;
				INSTALL_PATH = "@rpath";
				PRODUCT_NAME = Zangetsu;
				WRAPPER_EXTENSION = framework;
			};
			name = Debug;
		};
		1DEB91AF08733DA50010E9CD /* Release */ = {
			isa = XCBuildConfiguration;
			buildSettings = {
				ALWAYS_SEARCH_USER_PATHS = NO;
				DEBUG_INFORMATION_FORMAT = "dwarf-with-dsym";
				DYLIB_COMPATIBILITY_VERSION = 1;
				DYLIB_CURRENT_VERSION = 1;
				FRAMEWORK_VERSION = A;
				GCC_MODEL_TUNING = G5;
				GCC_PRECOMPILE_PREFIX_HEADER = YES;
				GCC_PREFIX_HEADER = Zangetsu_Prefix.pch;
				INFOPLIST_FILE = Info.plist;
				INSTALL_PATH = "@rpath";
				ONLY_ACTIVE_ARCH = YES;
				PRODUCT_NAME = Zangetsu;
				WRAPPER_EXTENSION = framework;
			};
			name = Release;
		};
		1DEB91B208733DA50010E9CD /* Debug */ = {
			isa = XCBuildConfiguration;
			buildSettings = {
				ARCHS = "$(ARCHS_STANDARD_64_BIT)";
				GCC_C_LANGUAGE_STANDARD = gnu99;
				GCC_ENABLE_OBJC_GC = required;
				GCC_OPTIMIZATION_LEVEL = 0;
				GCC_PREPROCESSOR_DEFINITIONS = "DEBUG=1";
				GCC_TREAT_WARNINGS_AS_ERRORS = YES;
				GCC_VERSION = com.apple.compilers.llvm.clang.1_0;
				GCC_WARN_64_TO_32_BIT_CONVERSION = YES;
				GCC_WARN_ABOUT_MISSING_FIELD_INITIALIZERS = YES;
				GCC_WARN_ABOUT_MISSING_NEWLINE = YES;
				GCC_WARN_ABOUT_RETURN_TYPE = YES;
				GCC_WARN_CHECK_SWITCH_STATEMENTS = YES;
				GCC_WARN_INITIALIZER_NOT_FULLY_BRACKETED = YES;
				GCC_WARN_MISSING_PARENTHESES = YES;
				GCC_WARN_SHADOW = YES;
				GCC_WARN_SIGN_COMPARE = YES;
				GCC_WARN_UNDECLARED_SELECTOR = YES;
				GCC_WARN_UNUSED_FUNCTION = YES;
				GCC_WARN_UNUSED_LABEL = YES;
				GCC_WARN_UNUSED_VALUE = YES;
				GCC_WARN_UNUSED_VARIABLE = YES;
				ONLY_ACTIVE_ARCH = YES;
				PREBINDING = NO;
				SDKROOT = macosx10.6;
				TEST_AFTER_BUILD = YES;
				VALID_ARCHS = x86_64;
			};
			name = Debug;
		};
		1DEB91B308733DA50010E9CD /* Release */ = {
			isa = XCBuildConfiguration;
			buildSettings = {
				ARCHS = "$(ARCHS_STANDARD_64_BIT)";
				GCC_C_LANGUAGE_STANDARD = gnu99;
				GCC_ENABLE_OBJC_GC = required;
				GCC_TREAT_WARNINGS_AS_ERRORS = YES;
				GCC_VERSION = com.apple.compilers.llvm.clang.1_0;
				GCC_WARN_ABOUT_RETURN_TYPE = YES;
				GCC_WARN_UNUSED_VARIABLE = YES;
				"INSTALL_PATH[sdk=*]" = "@rpath";
				PREBINDING = NO;
				SDKROOT = macosx10.6;
				TEST_AFTER_BUILD = YES;
				VALID_ARCHS = x86_64;
			};
			name = Release;
		};
		B837BC341285F7EC009215D7 /* Analyze */ = {
			isa = XCBuildConfiguration;
			buildSettings = {
				ARCHS = "$(ARCHS_STANDARD_64_BIT)";
				GCC_C_LANGUAGE_STANDARD = gnu99;
				GCC_ENABLE_OBJC_GC = required;
				GCC_OPTIMIZATION_LEVEL = 0;
				GCC_PREPROCESSOR_DEFINITIONS = "DEBUG=1";
				GCC_TREAT_WARNINGS_AS_ERRORS = YES;
				GCC_VERSION = com.apple.compilers.llvm.clang.1_0;
				GCC_WARN_64_TO_32_BIT_CONVERSION = YES;
				GCC_WARN_ABOUT_MISSING_FIELD_INITIALIZERS = YES;
				GCC_WARN_ABOUT_MISSING_NEWLINE = YES;
				GCC_WARN_ABOUT_RETURN_TYPE = YES;
				GCC_WARN_CHECK_SWITCH_STATEMENTS = YES;
				GCC_WARN_INITIALIZER_NOT_FULLY_BRACKETED = YES;
				GCC_WARN_MISSING_PARENTHESES = YES;
				GCC_WARN_SHADOW = YES;
				GCC_WARN_SIGN_COMPARE = YES;
				GCC_WARN_UNDECLARED_SELECTOR = YES;
				GCC_WARN_UNUSED_FUNCTION = YES;
				GCC_WARN_UNUSED_LABEL = YES;
				GCC_WARN_UNUSED_VALUE = YES;
				GCC_WARN_UNUSED_VARIABLE = YES;
				ONLY_ACTIVE_ARCH = YES;
				PREBINDING = NO;
				RUN_CLANG_STATIC_ANALYZER = YES;
				SDKROOT = macosx10.6;
				TEST_AFTER_BUILD = YES;
				VALID_ARCHS = x86_64;
			};
			name = Analyze;
		};
		B837BC351285F7EC009215D7 /* Analyze */ = {
			isa = XCBuildConfiguration;
			buildSettings = {
				ALWAYS_SEARCH_USER_PATHS = NO;
				COPY_PHASE_STRIP = NO;
				DYLIB_COMPATIBILITY_VERSION = 1;
				DYLIB_CURRENT_VERSION = 1;
				FRAMEWORK_VERSION = A;
				GCC_DYNAMIC_NO_PIC = NO;
				GCC_ENABLE_FIX_AND_CONTINUE = YES;
				GCC_MODEL_TUNING = G5;
				GCC_OPTIMIZATION_LEVEL = 0;
				GCC_PRECOMPILE_PREFIX_HEADER = YES;
				GCC_PREFIX_HEADER = Zangetsu_Prefix.pch;
				INFOPLIST_FILE = Info.plist;
				INSTALL_PATH = "@rpath";
				PRODUCT_NAME = Zangetsu;
				WRAPPER_EXTENSION = framework;
			};
			name = Analyze;
		};
		B8F5E66F12A02EB700E58C94 /* Debug */ = {
			isa = XCBuildConfiguration;
			buildSettings = {
				ALWAYS_SEARCH_USER_PATHS = NO;
				COPY_PHASE_STRIP = NO;
				FRAMEWORK_SEARCH_PATHS = "$(DEVELOPER_LIBRARY_DIR)/Frameworks";
				GCC_DYNAMIC_NO_PIC = NO;
				GCC_ENABLE_FIX_AND_CONTINUE = NO;
				GCC_ENABLE_OBJC_EXCEPTIONS = YES;
				GCC_MODEL_TUNING = G5;
				GCC_OPTIMIZATION_LEVEL = 0;
				GCC_PRECOMPILE_PREFIX_HEADER = YES;
				GCC_PREFIX_HEADER = "$(SYSTEM_LIBRARY_DIR)/Frameworks/Cocoa.framework/Headers/Cocoa.h";
				INFOPLIST_FILE = "Unit Tests-Info.plist";
				INSTALL_PATH = "$(USER_LIBRARY_DIR)/Bundles";
				OTHER_LDFLAGS = (
					"-framework",
					Cocoa,
					"-framework",
					SenTestingKit,
				);
				PREBINDING = NO;
				PRODUCT_NAME = "Unit Tests";
				WRAPPER_EXTENSION = octest;
			};
			name = Debug;
		};
		B8F5E67012A02EB700E58C94 /* Analyze */ = {
			isa = XCBuildConfiguration;
			buildSettings = {
				ALWAYS_SEARCH_USER_PATHS = NO;
				FRAMEWORK_SEARCH_PATHS = "$(DEVELOPER_LIBRARY_DIR)/Frameworks";
				GCC_ENABLE_FIX_AND_CONTINUE = NO;
				GCC_ENABLE_OBJC_EXCEPTIONS = YES;
				GCC_MODEL_TUNING = G5;
				GCC_PRECOMPILE_PREFIX_HEADER = YES;
				GCC_PREFIX_HEADER = "$(SYSTEM_LIBRARY_DIR)/Frameworks/Cocoa.framework/Headers/Cocoa.h";
				INFOPLIST_FILE = "Unit Tests-Info.plist";
				INSTALL_PATH = "$(USER_LIBRARY_DIR)/Bundles";
				OTHER_LDFLAGS = (
					"-framework",
					Cocoa,
					"-framework",
					SenTestingKit,
				);
				PREBINDING = NO;
				PRODUCT_NAME = "Unit Tests";
				WRAPPER_EXTENSION = octest;
			};
			name = Analyze;
		};
		B8F5E67112A02EB700E58C94 /* Release */ = {
			isa = XCBuildConfiguration;
			buildSettings = {
				ALWAYS_SEARCH_USER_PATHS = NO;
				COPY_PHASE_STRIP = YES;
				DEBUG_INFORMATION_FORMAT = "dwarf-with-dsym";
				FRAMEWORK_SEARCH_PATHS = "$(DEVELOPER_LIBRARY_DIR)/Frameworks";
				GCC_ENABLE_FIX_AND_CONTINUE = NO;
				GCC_ENABLE_OBJC_EXCEPTIONS = YES;
				GCC_MODEL_TUNING = G5;
				GCC_PRECOMPILE_PREFIX_HEADER = YES;
				GCC_PREFIX_HEADER = "$(SYSTEM_LIBRARY_DIR)/Frameworks/Cocoa.framework/Headers/Cocoa.h";
				INFOPLIST_FILE = "Unit Tests-Info.plist";
				INSTALL_PATH = "$(USER_LIBRARY_DIR)/Bundles";
				OTHER_LDFLAGS = (
					"-framework",
					Cocoa,
					"-framework",
					SenTestingKit,
				);
				PREBINDING = NO;
				PRODUCT_NAME = "Unit Tests";
				WRAPPER_EXTENSION = octest;
				ZERO_LINK = NO;
			};
			name = Release;
		};
/* End XCBuildConfiguration section */

/* Begin XCConfigurationList section */
		1DEB91AD08733DA50010E9CD /* Build configuration list for PBXNativeTarget "Zangetsu" */ = {
			isa = XCConfigurationList;
			buildConfigurations = (
				1DEB91AE08733DA50010E9CD /* Debug */,
				B837BC351285F7EC009215D7 /* Analyze */,
				1DEB91AF08733DA50010E9CD /* Release */,
			);
			defaultConfigurationIsVisible = 0;
			defaultConfigurationName = Release;
		};
		1DEB91B108733DA50010E9CD /* Build configuration list for PBXProject "Zangetsu" */ = {
			isa = XCConfigurationList;
			buildConfigurations = (
				1DEB91B208733DA50010E9CD /* Debug */,
				B837BC341285F7EC009215D7 /* Analyze */,
				1DEB91B308733DA50010E9CD /* Release */,
			);
			defaultConfigurationIsVisible = 0;
			defaultConfigurationName = Release;
		};
		B8F5E67212A02EB700E58C94 /* Build configuration list for PBXNativeTarget "Unit Tests" */ = {
			isa = XCConfigurationList;
			buildConfigurations = (
				B8F5E66F12A02EB700E58C94 /* Debug */,
				B8F5E67012A02EB700E58C94 /* Analyze */,
				B8F5E67112A02EB700E58C94 /* Release */,
			);
			defaultConfigurationIsVisible = 0;
			defaultConfigurationName = Release;
		};
/* End XCConfigurationList section */
	};
	rootObject = 0867D690FE84028FC02AAC07 /* Project object */;
}
